
Microsoft Visual Studio Solution File, Format Version 12.00
# Visual Studio Version 17
VisualStudioVersion = 17.2.32526.322
MinimumVisualStudioVersion = 10.0.40219.1
Project("{9A19103F-16F7-4668-BE54-9A1E7A4F7556}") = "FuseDotNet", "FuseDotNet\FuseDotNet.csproj", "{33F8F30A-0540-48C6-A0C3-8C2EA78C617C}"
EndProject
Project("{2150E333-8FDC-42A3-9474-1A3956D46DE8}") = "Solution Items", "Solution Items", "{0C62E20C-AEC9-4491-9F8B-87E75584666F}"
	ProjectSection(SolutionItems) = preProject
		.gitattributes = .gitattributes
		.gitignore = .gitignore
		Directory.Build.props = Directory.Build.props
		FuseDotNet.snk = FuseDotNet.snk
		LICENSE.txt = LICENSE.txt
		README.md = README.md
	EndProjectSection
EndProject
Project("{9A19103F-16F7-4668-BE54-9A1E7A4F7556}") = "MirrorFs", "MirrorFs\MirrorFs.csproj", "{D8682336-CB8D-48CC-91EC-65ECD6DAA76F}"
EndProject
Project("{2150E333-8FDC-42A3-9474-1A3956D46DE8}") = "Samples", "Samples", "{2EB474C0-19D3-4B10-BDD9-7BA12951D4EB}"
EndProject
Project("{2150E333-8FDC-42A3-9474-1A3956D46DE8}") = "DiscUtils", "DiscUtils", "{DBDA307D-7AD1-4917-9E15-7267DC9E2A42}"
EndProject
Project("{9A19103F-16F7-4668-BE54-9A1E7A4F7556}") = "DiscUtils.Fuse", "DiscUtils.Fuse\DiscUtils.Fuse.csproj", "{6B69B932-83B7-4BF5-BCCF-E4D9FF15320F}"
EndProject
Project("{9A19103F-16F7-4668-BE54-9A1E7A4F7556}") = "TempFs", "TempFs\TempFs.csproj", "{005F895F-E342-412F-A939-4374FCD127D6}"
EndProject
Global
	GlobalSection(SolutionConfigurationPlatforms) = preSolution
		Debug|Any CPU = Debug|Any CPU
		Release|Any CPU = Release|Any CPU
	EndGlobalSection
	GlobalSection(ProjectConfigurationPlatforms) = postSolution
		{33F8F30A-0540-48C6-A0C3-8C2EA78C617C}.Debug|Any CPU.ActiveCfg = Debug|Any CPU
		{33F8F30A-0540-48C6-A0C3-8C2EA78C617C}.Debug|Any CPU.Build.0 = Debug|Any CPU
		{33F8F30A-0540-48C6-A0C3-8C2EA78C617C}.Release|Any CPU.ActiveCfg = Release|Any CPU
		{33F8F30A-0540-48C6-A0C3-8C2EA78C617C}.Release|Any CPU.Build.0 = Release|Any CPU
		{D8682336-CB8D-48CC-91EC-65ECD6DAA76F}.Debug|Any CPU.ActiveCfg = Debug|Any CPU
		{D8682336-CB8D-48CC-91EC-65ECD6DAA76F}.Debug|Any CPU.Build.0 = Debug|Any CPU
		{D8682336-CB8D-48CC-91EC-65ECD6DAA76F}.Release|Any CPU.ActiveCfg = Release|Any CPU
		{D8682336-CB8D-48CC-91EC-65ECD6DAA76F}.Release|Any CPU.Build.0 = Release|Any CPU
		{6B69B932-83B7-4BF5-BCCF-E4D9FF15320F}.Debug|Any CPU.ActiveCfg = Debug|Any CPU
		{6B69B932-83B7-4BF5-BCCF-E4D9FF15320F}.Debug|Any CPU.Build.0 = Debug|Any CPU
		{6B69B932-83B7-4BF5-BCCF-E4D9FF15320F}.Release|Any CPU.ActiveCfg = Release|Any CPU
		{6B69B932-83B7-4BF5-BCCF-E4D9FF15320F}.Release|Any CPU.Build.0 = Release|Any CPU
		{005F895F-E342-412F-A939-4374FCD127D6}.Debug|Any CPU.ActiveCfg = Debug|Any CPU
		{005F895F-E342-412F-A939-4374FCD127D6}.Debug|Any CPU.Build.0 = Debug|Any CPU
		{005F895F-E342-412F-A939-4374FCD127D6}.Release|Any CPU.ActiveCfg = Release|Any CPU
		{005F895F-E342-412F-A939-4374FCD127D6}.Release|Any CPU.Build.0 = Release|Any CPU
	EndGlobalSection
	GlobalSection(SolutionProperties) = preSolution
		HideSolutionNode = FALSE
	EndGlobalSection
	GlobalSection(NestedProjects) = preSolution
		{D8682336-CB8D-48CC-91EC-65ECD6DAA76F} = {2EB474C0-19D3-4B10-BDD9-7BA12951D4EB}
		{6B69B932-83B7-4BF5-BCCF-E4D9FF15320F} = {DBDA307D-7AD1-4917-9E15-7267DC9E2A42}
		{005F895F-E342-412F-A939-4374FCD127D6} = {2EB474C0-19D3-4B10-BDD9-7BA12951D4EB}
	EndGlobalSection
	GlobalSection(ExtensibilityGlobals) = postSolution
		SolutionGuid = {1245B7FA-DB77-4C64-93A6-EF17A4AE5B0C}
	EndGlobalSection
EndGlobal
